
Microsoft Visual Studio Solution File, Format Version 12.00
# Visual Studio Version 16
VisualStudioVersion = 16.0.31112.23
MinimumVisualStudioVersion = 10.0.40219.1
Project("{FAE04EC0-301F-11D3-BF4B-00C04F79EFBC}") = "pınarkuruyemis", "pınarkuruyemis\pınarkuruyemis.csproj", "{F734EC8E-424A-4AEC-884B-4C4941B2C763}"
EndProject
Global
	GlobalSection(SolutionConfigurationPlatforms) = preSolution
		Debug|Any CPU = Debug|Any CPU
		Release|Any CPU = Release|Any CPU
	EndGlobalSection
	GlobalSection(ProjectConfigurationPlatforms) = postSolution
		{F734EC8E-424A-4AEC-884B-4C4941B2C763}.Debug|Any CPU.ActiveCfg = Debug|Any CPU
		{F734EC8E-424A-4AEC-884B-4C4941B2C763}.Debug|Any CPU.Build.0 = Debug|Any CPU
		{F734EC8E-424A-4AEC-884B-4C4941B2C763}.Release|Any CPU.ActiveCfg = Release|Any CPU
		{F734EC8E-424A-4AEC-884B-4C4941B2C763}.Release|Any CPU.Build.0 = Release|Any CPU
	EndGlobalSection
	GlobalSection(SolutionProperties) = preSolution
		HideSolutionNode = FALSE
	EndGlobalSection
	GlobalSection(ExtensibilityGlobals) = postSolution
		SolutionGuid = {AD75AA2B-A944-4CE6-81E8-12429C3327C3}
	EndGlobalSection
EndGlobal
